<?xml version="1.0" encoding="utf-8"?>
<Project ToolsVersion="4.0" xmlns="http://schemas.microsoft.com/developer/msbuild/2003">
  <ItemGroup>
    <Filter Include="Source Files">
      <UniqueIdentifier>{4FC737F1-C7A5-4376-A066-2A32D752A2FF}</UniqueIdentifier>
      <Extensions>cpp;c;cc;cxx;def;odl;idl;hpj;bat;asm;asmx</Extensions>
    </Filter>
    <Filter Include="Header Files">
      <UniqueIdentifier>{93995380-89BD-4b04-88EB-625FBE52EBFB}</UniqueIdentifier>
      <Extensions>h;hpp;hxx;hm;inl;inc;xsd</Extensions>
    </Filter>
    <Filter Include="Resource Files">
      <UniqueIdentifier>{67DA6AB6-F800-4c08-8B7A-83BB121AAD01}</UniqueIdentifier>
      <Extensions>rc;ico;cur;bmp;dlg;rc2;rct;bin;rgs;gif;jpg;jpeg;jpe;resx;tiff;tif;png;wav;mfcribbon-ms</Extensions>
    </Filter>
  </ItemGroup>
  <ItemGroup>
    <ClCompile Include="main.cpp">
      <Filter>Source Files</Filter>
    </ClCompile>
    <ClCompile Include="BasicShape.cpp">
      <Filter>Source Files</Filter>
    </ClCompile>
    <ClCompile Include="DrawEntrance.cpp">
      <Filter>Source Files</Filter>
    </ClCompile>
    <ClCompile Include="texture.cpp">
      <Filter>Source Files</Filter>
    </ClCompile>
    <ClCompile Include="RightFace.cpp">
      <Filter>Source Files</Filter>
    </ClCompile>
    <ClCompile Include="grand.cpp">
      <Filter>Source Files</Filter>
    </ClCompile>
    <ClCompile Include="LeftFace.cpp">
      <Filter>Source Files</Filter>
    </ClCompile>
    <ClCompile Include="EntranceOfMosque.cpp">
      <Filter>Source Files</Filter>
    </ClCompile>
  </ItemGroup>
  <ItemGroup>
    <None Include="freeglut.dll" />
  </ItemGroup>
  <ItemGroup>
    <ClInclude Include="BasicShape.h">
      <Filter>Header Files</Filter>
    </ClInclude>
    <ClInclude Include="DrawEntrance.h">
      <Filter>Header Files</Filter>
    </ClInclude>
    <ClInclude Include="texture.h">
      <Filter>Header Files</Filter>
    </ClInclude>
    <ClInclude Include="RightFace.h">
      <Filter>Header Files</Filter>
    </ClInclude>
    <ClInclude Include="grand.h">
      <Filter>Header Files</Filter>
    </ClInclude>
    <ClInclude Include="LeftFace.h">
      <Filter>Header Files</Filter>
    </ClInclude>
    <ClInclude Include="EntranceOfMosque.h">
      <Filter>Header Files</Filter>
    </ClInclude>
  </ItemGroup>
  <ItemGroup>
    <Image Include="Arch.bmp">
      <Filter>Resource Files</Filter>
    </Image>
    <Image Include="wall5.bmp">
      <Filter>Resource Files</Filter>
    </Image>
    <Image Include="carpet.bmp">
      <Filter>Resource Files</Filter>
    </Image>
    <Image Include="stone3.bmp">
      <Filter>Resource Files</Filter>
    </Image>
    <Image Include="street1.bmp">
      <Filter>Resource Files</Filter>
    </Image>
    <Image Include="carpetMosque.bmp">
      <Filter>Resource Files</Filter>
    </Image>
    <Image Include="BigEntrance.bmp">
      <Filter>Resource Files</Filter>
    </Image>
    <Image Include="BigEntranceOuter.bmp">
      <Filter>Resource Files</Filter>
    </Image>
    <Image Include="InsideEntrande.bmp">
      <Filter>Resource Files</Filter>
    </Image>
    <Image Include="stone1.bmp">
      <Filter>Resource Files</Filter>
    </Image>
  </ItemGroup>
</Project>